// !$*UTF8*$!
{
	archiveVersion = 1;
	classes = {
	};
	objectVersion = 46;
	objects = {

/* Begin PBXBuildFile section */
		D7B733BD1DBFA7020073551A /* AppDelegate.swift in Sources */ = {isa = PBXBuildFile; fileRef = D7B733BC1DBFA7020073551A /* AppDelegate.swift */; };
		D7B733BF1DBFA7020073551A /* ViewController.swift in Sources */ = {isa = PBXBuildFile; fileRef = D7B733BE1DBFA7020073551A /* ViewController.swift */; };
		D7B733C21DBFA7020073551A /* Main.storyboard in Resources */ = {isa = PBXBuildFile; fileRef = D7B733C01DBFA7020073551A /* Main.storyboard */; };
		D7B733C51DBFA7020073551A /* Correspondent.xcdatamodeld in Sources */ = {isa = PBXBuildFile; fileRef = D7B733C31DBFA7020073551A /* Correspondent.xcdatamodeld */; };
		D7B733C71DBFA7020073551A /* Assets.xcassets in Resources */ = {isa = PBXBuildFile; fileRef = D7B733C61DBFA7020073551A /* Assets.xcassets */; };
		D7B733CA1DBFA7020073551A /* LaunchScreen.storyboard in Resources */ = {isa = PBXBuildFile; fileRef = D7B733C81DBFA7020073551A /* LaunchScreen.storyboard */; };
/* End PBXBuildFile section */

/* Begin PBXFileReference section */
		D7B733B91DBFA7020073551A /* Correspondent.app */ = {isa = PBXFileReference; explicitFileType = wrapper.application; includeInIndex = 0; path = Correspondent.app; sourceTree = BUILT_PRODUCTS_DIR; };
		D7B733BC1DBFA7020073551A /* AppDelegate.swift */ = {isa = PBXFileReference; lastKnownFileType = sourcecode.swift; path = AppDelegate.swift; sourceTree = "<group>"; };
		D7B733BE1DBFA7020073551A /* ViewController.swift */ = {isa = PBXFileReference; lastKnownFileType = sourcecode.swift; path = ViewController.swift; sourceTree = "<group>"; };
		D7B733C11DBFA7020073551A /* Base */ = {isa = PBXFileReference; lastKnownFileType = file.storyboard; name = Base; path = Base.lproj/Main.storyboard; sourceTree = "<group>"; };
		D7B733C41DBFA7020073551A /* Correspondent.xcdatamodel */ = {isa = PBXFileReference; lastKnownFileType = wrapper.xcdatamodel; path = Correspondent.xcdatamodel; sourceTree = "<group>"; };
		D7B733C61DBFA7020073551A /* Assets.xcassets */ = {isa = PBXFileReference; lastKnownFileType = folder.assetcatalog; path = Assets.xcassets; sourceTree = "<group>"; };
		D7B733C91DBFA7020073551A /* Base */ = {isa = PBXFileReference; lastKnownFileType = file.storyboard; name = Base; path = Base.lproj/LaunchScreen.storyboard; sourceTree = "<group>"; };
		D7B733CB1DBFA7020073551A /* Info.plist */ = {isa = PBXFileReference; lastKnownFileType = text.plist.xml; path = Info.plist; sourceTree = "<group>"; };
/* End PBXFileReference section */

/* Begin PBXFrameworksBuildPhase section */
		D7B733B61DBFA7020073551A /* Frameworks */ = {
			isa = PBXFrameworksBuildPhase;
			buildActionMask = 2147483647;
			files = (
			);
			runOnlyForDeploymentPostprocessing = 0;
		};
/* End PBXFrameworksBuildPhase section */

/* Begin PBXGroup section */
		D7B733B01DBFA7020073551A = {
			isa = PBXGroup;
			children = (
				D7B733BB1DBFA7020073551A /* Correspondent */,
				D7B733BA1DBFA7020073551A /* Products */,
			);
			sourceTree = "<group>";
		};
		D7B733BA1DBFA7020073551A /* Products */ = {
			isa = PBXGroup;
			children = (
				D7B733B91DBFA7020073551A /* Correspondent.app */,
			);
			name = Products;
			sourceTree = "<group>";
		};
		D7B733BB1DBFA7020073551A /* Correspondent */ = {
			isa = PBXGroup;
			children = (
				D7B733BC1DBFA7020073551A /* AppDelegate.swift */,
				D7B733BE1DBFA7020073551A /* ViewController.swift */,
				D7B733C01DBFA7020073551A /* Main.storyboard */,
				D7B733C61DBFA7020073551A /* Assets.xcassets */,
				D7B733C81DBFA7020073551A /* LaunchScreen.storyboard */,
				D7B733CB1DBFA7020073551A /* Info.plist */,
				D7B733C31DBFA7020073551A /* Correspondent.xcdatamodeld */,
			);
			path = Correspondent;
			sourceTree = "<group>";
		};
/* End PBXGroup section */

/* Begin PBXNativeTarget section */
		D7B733B81DBFA7020073551A /* Correspondent */ = {
			isa = PBXNativeTarget;
			buildConfigurationList = D7B733CE1DBFA7020073551A /* Build configuration list for PBXNativeTarget "Correspondent" */;
			buildPhases = (
				D7B733B51DBFA7020073551A /* Sources */,
				D7B733B61DBFA7020073551A /* Frameworks */,
				D7B733B71DBFA7020073551A /* Resources */,
			);
			buildRules = (
			);
			dependencies = (
			);
			name = Correspondent;
			productName = Correspondent;
			productReference = D7B733B91DBFA7020073551A /* Correspondent.app */;
			productType = "com.apple.product-type.application";
		};
/* End PBXNativeTarget section */

/* Begin PBXProject section */
		D7B733B11DBFA7020073551A /* Project object */ = {
			isa = PBXProject;
			attributes = {
				LastSwiftUpdateCheck = 0730;
				LastUpgradeCheck = 0730;
				ORGANIZATIONNAME = "John Hersey High School";
				TargetAttributes = {
					D7B733B81DBFA7020073551A = {
						CreatedOnToolsVersion = 7.3.1;
					};
				};
			};
			buildConfigurationList = D7B733B41DBFA7020073551A /* Build configuration list for PBXProject "Correspondent" */;
			compatibilityVersion = "Xcode 3.2";
			developmentRegion = English;
			hasScannedForEncodings = 0;
			knownRegions = (
				en,
				Base,
			);
			mainGroup = D7B733B01DBFA7020073551A;
			productRefGroup = D7B733BA1DBFA7020073551A /* Products */;
			projectDirPath = "";
			projectRoot = "";
			targets = (
				D7B733B81DBFA7020073551A /* Correspondent */,
			);
		};
/* End PBXProject section */

/* Begin PBXResourcesBuildPhase section */
		D7B733B71DBFA7020073551A /* Resources */ = {
			isa = PBXResourcesBuildPhase;
			buildActionMask = 2147483647;
			files = (
				D7B733CA1DBFA7020073551A /* LaunchScreen.storyboard in Resources */,
				D7B733C71DBFA7020073551A /* Assets.xcassets in Resources */,
				D7B733C21DBFA7020073551A /* Main.storyboard in Resources */,
			);
			runOnlyForDeploymentPostprocessing = 0;
		};
/* End PBXResourcesBuildPhase section */

/* Begin PBXSourcesBuildPhase section */
		D7B733B51DBFA7020073551A /* Sources */ = {
			isa = PBXSourcesBuildPhase;
			buildActionMask = 2147483647;
			files = (
				D7B733BF1DBFA7020073551A /* ViewController.swift in Sources */,
				D7B733C51DBFA7020073551A /* Correspondent.xcdatamodeld in Sources */,
				D7B733BD1DBFA7020073551A /* AppDelegate.swift in Sources */,
			);
			runOnlyForDeploymentPostprocessing = 0;
		};
/* End PBXSourcesBuildPhase section */

/* Begin PBXVariantGroup section */
		D7B733C01DBFA7020073551A /* Main.storyboard */ = {
			isa = PBXVariantGroup;
			children = (
				D7B733C11DBFA7020073551A /* Base */,
			);
			name = Main.storyboard;
			sourceTree = "<group>";
		};
		D7B733C81DBFA7020073551A /* LaunchScreen.storyboard */ = {
			isa = PBXVariantGroup;
			children = (
				D7B733C91DBFA7020073551A /* Base */,
			);
			name = LaunchScreen.storyboard;
			sourceTree = "<group>";
		};
/* End PBXVariantGroup section */

/* Begin XCBuildConfiguration section */
		D7B733CC1DBFA7020073551A /* Debug */ = {
			isa = XCBuildConfiguration;
			buildSettings = {
				ALWAYS_SEARCH_USER_PATHS = NO;
				CLANG_ANALYZER_NONNULL = YES;
				CLANG_CXX_LANGUAGE_STANDARD = "gnu++0x";
				CLANG_CXX_LIBRARY = "libc++";
				CLANG_ENABLE_MODULES = YES;
				CLANG_ENABLE_OBJC_ARC = YES;
				CLANG_WARN_BOOL_CONVERSION = YES;
				CLANG_WARN_CONSTANT_CONVERSION = YES;
				CLANG_WARN_DIRECT_OBJC_ISA_USAGE = YES_ERROR;
				CLANG_WARN_EMPTY_BODY = YES;
				CLANG_WARN_ENUM_CONVERSION = YES;
				CLANG_WARN_INT_CONVERSION = YES;
				CLANG_WARN_OBJC_ROOT_CLASS = YES_ERROR;
				CLANG_WARN_UNREACHABLE_CODE = YES;
				CLANG_WARN__DUPLICATE_METHOD_MATCH = YES;
				"CODE_SIGN_IDENTITY[sdk=iphoneos*]" = "iPhone Developer";
				COPY_PHASE_STRIP = NO;
				DEBUG_INFORMATION_FORMAT = dwarf;
				ENABLE_STRICT_OBJC_MSGSEND = YES;
				ENABLE_TESTABILITY = YES;
				GCC_C_LANGUAGE_STANDARD = gnu99;
				GCC_DYNAMIC_NO_PIC = NO;
				GCC_NO_COMMON_BLOCKS = YES;
				GCC_OPTIMIZATION_LEVEL = 0;
				GCC_PREPROCESSOR_DEFINITIONS = (
					"DEBUG=1",
					"$(inherited)",
				);
				GCC_WARN_64_TO_32_BIT_CONVERSION = YES;
				GCC_WARN_ABOUT_RETURN_TYPE = YES_ERROR;
				GCC_WARN_UNDECLARED_SELECTOR = YES;
				GCC_WARN_UNINITIALIZED_AUTOS = YES_AGGRESSIVE;
				GCC_WARN_UNUSED_FUNCTION = YES;
				GCC_WARN_UNUSED_VARIABLE = YES;
				IPHONEOS_DEPLOYMENT_TARGET = 9.3;
				MTL_ENABLE_DEBUG_INFO = YES;
				ONLY_ACTIVE_ARCH = YES;
				SDKROOT = iphoneos;
				SWIFT_OPTIMIZATION_LEVEL = "-Onone";
				TARGETED_DEVICE_FAMILY = "1,2";
			};
			name = Debug;
		};
		D7B733CD1DBFA7020073551A /* Release */ = {
			isa = XCBuildConfiguration;
			buildSettings = {
				ALWAYS_SEARCH_USER_PATHS = NO;
				CLANG_ANALYZER_NONNULL = YES;
				CLANG_CXX_LANGUAGE_STANDARD = "gnu++0x";
				CLANG_CXX_LIBRARY = "libc++";
				CLANG_ENABLE_MODULES = YES;
				CLANG_ENABLE_OBJC_ARC = YES;
				CLANG_WARN_BOOL_CONVERSION = YES;
				CLANG_WARN_CONSTANT_CONVERSION = YES;
				CLANG_WARN_DIRECT_OBJC_ISA_USAGE = YES_ERROR;
				CLANG_WARN_EMPTY_BODY = YES;
				CLANG_WARN_ENUM_CONVERSION = YES;
				CLANG_WARN_INT_CONVERSION = YES;
				CLANG_WARN_OBJC_ROOT_CLASS = YES_ERROR;
				CLANG_WARN_UNREACHABLE_CODE = YES;
				CLANG_WARN__DUPLICATE_METHOD_MATCH = YES;
				"CODE_SIGN_IDENTITY[sdk=iphoneos*]" = "iPhone Developer";
				COPY_PHASE_STRIP = NO;
				DEBUG_INFORMATION_FORMAT = "dwarf-with-dsym";
				ENABLE_NS_ASSERTIONS = NO;
				ENABLE_STRICT_OBJC_MSGSEND = YES;
				GCC_C_LANGUAGE_STANDARD = gnu99;
				GCC_NO_COMMON_BLOCKS = YES;
				GCC_WARN_64_TO_32_BIT_CONVERSION = YES;
				GCC_WARN_ABOUT_RETURN_TYPE = YES_ERROR;
				GCC_WARN_UNDECLARED_SELECTOR = YES;
				GCC_WARN_UNINITIALIZED_AUTOS = YES_AGGRESSIVE;
				GCC_WARN_UNUSED_FUNCTION = YES;
				GCC_WARN_UNUSED_VARIABLE = YES;
				IPHONEOS_DEPLOYMENT_TARGET = 9.3;
				MTL_ENABLE_DEBUG_INFO = NO;
				SDKROOT = iphoneos;
				TARGETED_DEVICE_FAMILY = "1,2";
				VALIDATE_PRODUCT = YES;
			};
			name = Release;
		};
		D7B733CF1DBFA7020073551A /* Debug */ = {
			isa = XCBuildConfiguration;
			buildSettings = {
				ASSETCATALOG_COMPILER_APPICON_NAME = AppIcon;
				INFOPLIST_FILE = Correspondent/Info.plist;
				LD_RUNPATH_SEARCH_PATHS = "$(inherited) @executable_path/Frameworks";
				PRODUCT_BUNDLE_IDENTIFIER = org.jhhs.617413.Correspondent;
				PRODUCT_NAME = "$(TARGET_NAME)";
			};
			name = Debug;
		};
		D7B733D01DBFA7020073551A /* Release */ = {
			isa = XCBuildConfiguration;
			buildSettings = {
				ASSETCATALOG_COMPILER_APPICON_NAME = AppIcon;
				INFOPLIST_FILE = Correspondent/Info.plist;
				LD_RUNPATH_SEARCH_PATHS = "$(inherited) @executable_path/Frameworks";
				PRODUCT_BUNDLE_IDENTIFIER = org.jhhs.617413.Correspondent;
				PRODUCT_NAME = "$(TARGET_NAME)";
			};
			name = Release;
		};
/* End XCBuildConfiguration section */

/* Begin XCConfigurationList section */
		D7B733B41DBFA7020073551A /* Build configuration list for PBXProject "Correspondent" */ = {
			isa = XCConfigurationList;
			buildConfigurations = (
				D7B733CC1DBFA7020073551A /* Debug */,
				D7B733CD1DBFA7020073551A /* Release */,
			);
			defaultConfigurationIsVisible = 0;
			defaultConfigurationName = Release;
		};
		D7B733CE1DBFA7020073551A /* Build configuration list for PBXNativeTarget "Correspondent" */ = {
			isa = XCConfigurationList;
			buildConfigurations = (
				D7B733CF1DBFA7020073551A /* Debug */,
				D7B733D01DBFA7020073551A /* Release */,
			);
			defaultConfigurationIsVisible = 0;
		};
/* End XCConfigurationList section */

/* Begin XCVersionGroup section */
		D7B733C31DBFA7020073551A /* Correspondent.xcdatamodeld */ = {
			isa = XCVersionGroup;
			children = (
				D7B733C41DBFA7020073551A /* Correspondent.xcdatamodel */,
			);
			currentVersion = D7B733C41DBFA7020073551A /* Correspondent.xcdatamodel */;
			path = Correspondent.xcdatamodeld;
			sourceTree = "<group>";
			versionGroupType = wrapper.xcdatamodel;
		};
/* End XCVersionGroup section */
	};
	rootObject = D7B733B11DBFA7020073551A /* Project object */;
}
